
Microsoft Visual Studio Solution File, Format Version 12.00
# Visual Studio Version 16
VisualStudioVersion = 16.0.30517.126
MinimumVisualStudioVersion = 10.0.40219.1
Project("{888888A0-9F3D-457C-B088-3A5042F75D52}") = "20Marble", "20Marble.pyproj", "{0EAADBED-B73F-462F-97DC-47B61D399729}"
EndProject
Global
	GlobalSection(SolutionConfigurationPlatforms) = preSolution
		Debug|Any CPU = Debug|Any CPU
		Release|Any CPU = Release|Any CPU
	EndGlobalSection
	GlobalSection(ProjectConfigurationPlatforms) = postSolution
		{0EAADBED-B73F-462F-97DC-47B61D399729}.Debug|Any CPU.ActiveCfg = Debug|Any CPU
		{0EAADBED-B73F-462F-97DC-47B61D399729}.Release|Any CPU.ActiveCfg = Release|Any CPU
	EndGlobalSection
	GlobalSection(SolutionProperties) = preSolution
		HideSolutionNode = FALSE
	EndGlobalSection
	GlobalSection(ExtensibilityGlobals) = postSolution
		SolutionGuid = {FB489E4C-87E4-410A-BD0A-4E58AA726474}
	EndGlobalSection
EndGlobal
